
Microsoft Visual Studio Solution File, Format Version 12.00
# Visual Studio 15
VisualStudioVersion = 15.0.28307.757
MinimumVisualStudioVersion = 10.0.40219.1
Project("{FAE04EC0-301F-11D3-BF4B-00C04F79EFBC}") = "UnicornBattleInstaller", "UnicornBattleInstaller\UnicornBattleInstaller.csproj", "{EB57D494-0A4F-4595-B903-4FF5ADBBACBD}"
EndProject
Global
	GlobalSection(SolutionConfigurationPlatforms) = preSolution
		Debug|Any CPU = Debug|Any CPU
		Release|Any CPU = Release|Any CPU
	EndGlobalSection
	GlobalSection(ProjectConfigurationPlatforms) = postSolution
		{EB57D494-0A4F-4595-B903-4FF5ADBBACBD}.Debug|Any CPU.ActiveCfg = Debug|Any CPU
		{EB57D494-0A4F-4595-B903-4FF5ADBBACBD}.Debug|Any CPU.Build.0 = Debug|Any CPU
		{EB57D494-0A4F-4595-B903-4FF5ADBBACBD}.Release|Any CPU.ActiveCfg = Release|Any CPU
		{EB57D494-0A4F-4595-B903-4FF5ADBBACBD}.Release|Any CPU.Build.0 = Release|Any CPU
	EndGlobalSection
	GlobalSection(SolutionProperties) = preSolution
		HideSolutionNode = FALSE
	EndGlobalSection
	GlobalSection(ExtensibilityGlobals) = postSolution
		SolutionGuid = {99CA1D15-19D7-42E5-B550-B86B85D57158}
	EndGlobalSection
EndGlobal
